
Microsoft Visual Studio Solution File, Format Version 12.00
# Visual Studio Version 17
VisualStudioVersion = 17.5.33424.131
MinimumVisualStudioVersion = 10.0.40219.1
Project("{FAE04EC0-301F-11D3-BF4B-00C04F79EFBC}") = "odev6OOP", "odev6OOP\odev6OOP.csproj", "{2AACF076-603C-4E50-8AA4-ADEBAE530BA1}"
EndProject
Project("{FAE04EC0-301F-11D3-BF4B-00C04F79EFBC}") = "Polimorphism", "Polimorphism\Polimorphism.csproj", "{3B1553ED-7F9F-48A2-B282-D3BF04169BD3}"
EndProject
Project("{FAE04EC0-301F-11D3-BF4B-00C04F79EFBC}") = "Inheritance", "Inheritance\Inheritance.csproj", "{442CEA21-2FB4-4845-9477-031A8B122191}"
EndProject
Project("{FAE04EC0-301F-11D3-BF4B-00C04F79EFBC}") = "GenericType", "GenericType\GenericType.csproj", "{8D6CEC94-0F3C-4EDD-A795-054F4E2EAD9B}"
EndProject
Project("{FAE04EC0-301F-11D3-BF4B-00C04F79EFBC}") = "Encapsulation", "Encapsulation\Encapsulation.csproj", "{019DCDBC-EB40-43B4-B0D7-8EA8A443913A}"
EndProject
Global
	GlobalSection(SolutionConfigurationPlatforms) = preSolution
		Debug|Any CPU = Debug|Any CPU
		Release|Any CPU = Release|Any CPU
	EndGlobalSection
	GlobalSection(ProjectConfigurationPlatforms) = postSolution
		{2AACF076-603C-4E50-8AA4-ADEBAE530BA1}.Debug|Any CPU.ActiveCfg = Debug|Any CPU
		{2AACF076-603C-4E50-8AA4-ADEBAE530BA1}.Debug|Any CPU.Build.0 = Debug|Any CPU
		{2AACF076-603C-4E50-8AA4-ADEBAE530BA1}.Release|Any CPU.ActiveCfg = Release|Any CPU
		{2AACF076-603C-4E50-8AA4-ADEBAE530BA1}.Release|Any CPU.Build.0 = Release|Any CPU
		{3B1553ED-7F9F-48A2-B282-D3BF04169BD3}.Debug|Any CPU.ActiveCfg = Debug|Any CPU
		{3B1553ED-7F9F-48A2-B282-D3BF04169BD3}.Debug|Any CPU.Build.0 = Debug|Any CPU
		{3B1553ED-7F9F-48A2-B282-D3BF04169BD3}.Release|Any CPU.ActiveCfg = Release|Any CPU
		{3B1553ED-7F9F-48A2-B282-D3BF04169BD3}.Release|Any CPU.Build.0 = Release|Any CPU
		{442CEA21-2FB4-4845-9477-031A8B122191}.Debug|Any CPU.ActiveCfg = Debug|Any CPU
		{442CEA21-2FB4-4845-9477-031A8B122191}.Debug|Any CPU.Build.0 = Debug|Any CPU
		{442CEA21-2FB4-4845-9477-031A8B122191}.Release|Any CPU.ActiveCfg = Release|Any CPU
		{442CEA21-2FB4-4845-9477-031A8B122191}.Release|Any CPU.Build.0 = Release|Any CPU
		{8D6CEC94-0F3C-4EDD-A795-054F4E2EAD9B}.Debug|Any CPU.ActiveCfg = Debug|Any CPU
		{8D6CEC94-0F3C-4EDD-A795-054F4E2EAD9B}.Debug|Any CPU.Build.0 = Debug|Any CPU
		{8D6CEC94-0F3C-4EDD-A795-054F4E2EAD9B}.Release|Any CPU.ActiveCfg = Release|Any CPU
		{8D6CEC94-0F3C-4EDD-A795-054F4E2EAD9B}.Release|Any CPU.Build.0 = Release|Any CPU
		{019DCDBC-EB40-43B4-B0D7-8EA8A443913A}.Debug|Any CPU.ActiveCfg = Debug|Any CPU
		{019DCDBC-EB40-43B4-B0D7-8EA8A443913A}.Debug|Any CPU.Build.0 = Debug|Any CPU
		{019DCDBC-EB40-43B4-B0D7-8EA8A443913A}.Release|Any CPU.ActiveCfg = Release|Any CPU
		{019DCDBC-EB40-43B4-B0D7-8EA8A443913A}.Release|Any CPU.Build.0 = Release|Any CPU
	EndGlobalSection
	GlobalSection(SolutionProperties) = preSolution
		HideSolutionNode = FALSE
	EndGlobalSection
	GlobalSection(ExtensibilityGlobals) = postSolution
		SolutionGuid = {DCCADDAA-5E86-4123-9BA5-BF5900574A92}
	EndGlobalSection
EndGlobal
